{
  "lockfile_version": "1",
  "packages": {
    "github:NixOS/nixpkgs/nixpkgs-unstable": {
      "last_modified": "2025-11-15T07:28:48Z",
      "resolved": "github:NixOS/nixpkgs/1d4c88323ac36805d09657d13a5273aea1b34f0c?lastModified=1763191728"
    },
    "graalvmPackages.graalvm-ce@25": {
      "last_modified": "2025-11-12T10:38:40Z",
      "resolved": "github:NixOS/nixpkgs/91c9a64ce2a84e648d0cf9671274bb9c2fb9ba60#graalvmPackages.graalvm-ce",
      "source": "devbox-search",
      "version": "25.0.0",
      "systems": {
        "aarch64-darwin": {
          "outputs": [
            {
              "name": "out",
              "path": "/nix/store/6f28zzav10gqvfwlknh9hqcqdvp5dkzw-graalvm-ce-25.0.0",
              "default": true
            }
          ],
          "store_path": "/nix/store/6f28zzav10gqvfwlknh9hqcqdvp5dkzw-graalvm-ce-25.0.0"
        },
        "aarch64-linux": {
          "outputs": [
            {
              "name": "out",
              "path": "/nix/store/j9jnnrwbav1rwraa44nyjz54pmdcq0z4-graalvm-ce-25.0.0",
              "default": true
            }
          ],
          "store_path": "/nix/store/j9jnnrwbav1rwraa44nyjz54pmdcq0z4-graalvm-ce-25.0.0"
        },
        "x86_64-darwin": {
          "outputs": [
            {
              "name": "out",
              "path": "/nix/store/brwfpckx929v0nzgv739ihmkgbyq7n6f-graalvm-ce-25.0.0",
              "default": true
            }
          ],
          "store_path": "/nix/store/brwfpckx929v0nzgv739ihmkgbyq7n6f-graalvm-ce-25.0.0"
        },
        "x86_64-linux": {
          "outputs": [
            {
              "name": "out",
              "path": "/nix/store/c4sdq5yw6145dl22fzpxmqdc8mvmfbq6-graalvm-ce-25.0.0",
              "default": true
            }
          ],
          "store_path": "/nix/store/c4sdq5yw6145dl22fzpxmqdc8mvmfbq6-graalvm-ce-25.0.0"
        }
      }
    },
    "httpie@latest": {
      "last_modified": "2025-10-22T20:59:19Z",
      "resolved": "github:NixOS/nixpkgs/01b6809f7f9d1183a2b3e081f0a1e6f8f415cb09#httpie",
      "source": "devbox-search",
      "version": "3.2.4",
      "systems": {
        "aarch64-darwin": {
          "outputs": [
            {
              "name": "out",
              "path": "/nix/store/7xfhqgi23rfij0wp8ls1q9v7yffldsba-python3.13-httpie-3.2.4",
              "default": true
            },
            {
              "name": "dist",
              "path": "/nix/store/gfw4i2sgxi700p85nqncbgws73pznw4n-python3.13-httpie-3.2.4-dist"
            }
          ],
          "store_path": "/nix/store/7xfhqgi23rfij0wp8ls1q9v7yffldsba-python3.13-httpie-3.2.4"
        },
        "aarch64-linux": {
          "outputs": [
            {
              "name": "out",
              "path": "/nix/store/kpxhh8f70rv3xzfnhyvh0k3wgqw04hvh-python3.13-httpie-3.2.4",
              "default": true
            },
            {
              "name": "dist",
              "path": "/nix/store/h24rbf5d2rxjib28sz2ysylb51pdpn54-python3.13-httpie-3.2.4-dist"
            }
          ],
          "store_path": "/nix/store/kpxhh8f70rv3xzfnhyvh0k3wgqw04hvh-python3.13-httpie-3.2.4"
        },
        "x86_64-darwin": {
          "outputs": [
            {
              "name": "out",
              "path": "/nix/store/5qmv4bqn8ajx5rkjq3fb4sa8pzzi7207-python3.13-httpie-3.2.4",
              "default": true
            },
            {
              "name": "dist",
              "path": "/nix/store/cfb7lxkjd1agfd7xj22c0cgylbpqm4n7-python3.13-httpie-3.2.4-dist"
            }
          ],
          "store_path": "/nix/store/5qmv4bqn8ajx5rkjq3fb4sa8pzzi7207-python3.13-httpie-3.2.4"
        },
        "x86_64-linux": {
          "outputs": [
            {
              "name": "out",
              "path": "/nix/store/z9rx3i7w1fwa0sh6x69yckkka21qnmg4-python3.13-httpie-3.2.4",
              "default": true
            },
            {
              "name": "dist",
              "path": "/nix/store/abnxc9fdamdmhc9v6w16p6gnvxdr3868-python3.13-httpie-3.2.4-dist"
            }
          ],
          "store_path": "/nix/store/z9rx3i7w1fwa0sh6x69yckkka21qnmg4-python3.13-httpie-3.2.4"
        }
      }
    }
  }
}
