{
  "lockfile-version": 1,
  "manifest": {
    "version": 1,
    "install": {
      "graalvm-ce": {
        "pkg-path": "graalvm-ce",
        "version": "24.0.1"
      },
      "vscode-java-flake": {
        "flake": "github:thomasvitale/vscode-java-flake"
      }
    },
    "vars": {
      "FLOX_DISABLE_METRICS": "true"
    },
    "profile": {
      "common": "  export JAVA_HOME=$FLOX_ENV\n"
    },
    "options": {
      "systems": [
        "aarch64-darwin",
        "aarch64-linux",
        "x86_64-darwin",
        "x86_64-linux"
      ]
    }
  },
  "packages": [
    {
      "attr_path": "graalvm-ce",
      "broken": false,
      "derivation": "/nix/store/z1kjaq7l30hsjhxxjiw5jvbycpfkyrlk-graalvm-ce-24.0.1.drv",
      "description": "High-Performance Polyglot VM",
      "install_id": "graalvm-ce",
      "license": "[ UPL-1.0, GPL-2.0-with-classpath-exception, BSD-3-Clause ]",
      "locked_url": "https://github.com/flox/nixpkgs?rev=94def634a20494ee057c76998843c015909d6311",
      "name": "graalvm-ce-24.0.1",
      "pname": "graalvm-ce",
      "rev": "94def634a20494ee057c76998843c015909d6311",
      "rev_count": 837094,
      "rev_date": "2025-07-31T05:30:45Z",
      "scrape_date": "2025-08-02T00:29:09.125312Z",
      "stabilities": [
        "unstable"
      ],
      "unfree": false,
      "version": "24.0.1",
      "outputs_to_install": [
        "out"
      ],
      "outputs": {
        "out": "/nix/store/pr586lnkp2zyqky3cj5ps75vrsdkaxia-graalvm-ce-24.0.1"
      },
      "system": "aarch64-darwin",
      "group": "toplevel",
      "priority": 5
    },
    {
      "attr_path": "graalvm-ce",
      "broken": false,
      "derivation": "/nix/store/3i8cbk0z0jh6zp9kivrvprsvqp81zfbh-graalvm-ce-24.0.1.drv",
      "description": "High-Performance Polyglot VM",
      "install_id": "graalvm-ce",
      "license": "[ UPL-1.0, GPL-2.0-with-classpath-exception, BSD-3-Clause ]",
      "locked_url": "https://github.com/flox/nixpkgs?rev=94def634a20494ee057c76998843c015909d6311",
      "name": "graalvm-ce-24.0.1",
      "pname": "graalvm-ce",
      "rev": "94def634a20494ee057c76998843c015909d6311",
      "rev_count": 837094,
      "rev_date": "2025-07-31T05:30:45Z",
      "scrape_date": "2025-08-02T00:49:20.163758Z",
      "stabilities": [
        "unstable"
      ],
      "unfree": false,
      "version": "24.0.1",
      "outputs_to_install": [
        "out"
      ],
      "outputs": {
        "out": "/nix/store/5cf1fd3wli40ri5b8vf37v59vr7cxy6p-graalvm-ce-24.0.1"
      },
      "system": "aarch64-linux",
      "group": "toplevel",
      "priority": 5
    },
    {
      "attr_path": "graalvm-ce",
      "broken": false,
      "derivation": "/nix/store/ibgz3ni5l75077vssf5lcvpply58dpwc-graalvm-ce-24.0.1.drv",
      "description": "High-Performance Polyglot VM",
      "install_id": "graalvm-ce",
      "license": "[ UPL-1.0, GPL-2.0-with-classpath-exception, BSD-3-Clause ]",
      "locked_url": "https://github.com/flox/nixpkgs?rev=94def634a20494ee057c76998843c015909d6311",
      "name": "graalvm-ce-24.0.1",
      "pname": "graalvm-ce",
      "rev": "94def634a20494ee057c76998843c015909d6311",
      "rev_count": 837094,
      "rev_date": "2025-07-31T05:30:45Z",
      "scrape_date": "2025-08-02T01:09:24.983166Z",
      "stabilities": [
        "unstable"
      ],
      "unfree": false,
      "version": "24.0.1",
      "outputs_to_install": [
        "out"
      ],
      "outputs": {
        "out": "/nix/store/3k7qp556hzc0kx8mbsxgx60qrby66ddn-graalvm-ce-24.0.1"
      },
      "system": "x86_64-darwin",
      "group": "toplevel",
      "priority": 5
    },
    {
      "attr_path": "graalvm-ce",
      "broken": false,
      "derivation": "/nix/store/d8za9gz83cc2hfyk011j2p4slx74fs25-graalvm-ce-24.0.1.drv",
      "description": "High-Performance Polyglot VM",
      "install_id": "graalvm-ce",
      "license": "[ UPL-1.0, GPL-2.0-with-classpath-exception, BSD-3-Clause ]",
      "locked_url": "https://github.com/flox/nixpkgs?rev=94def634a20494ee057c76998843c015909d6311",
      "name": "graalvm-ce-24.0.1",
      "pname": "graalvm-ce",
      "rev": "94def634a20494ee057c76998843c015909d6311",
      "rev_count": 837094,
      "rev_date": "2025-07-31T05:30:45Z",
      "scrape_date": "2025-08-02T01:33:46.313797Z",
      "stabilities": [
        "unstable"
      ],
      "unfree": false,
      "version": "24.0.1",
      "outputs_to_install": [
        "out"
      ],
      "outputs": {
        "out": "/nix/store/l0adwdzzgiznpqwcqblrx4jgknfag9li-graalvm-ce-24.0.1"
      },
      "system": "x86_64-linux",
      "group": "toplevel",
      "priority": 5
    },
    {
      "install_id": "vscode-java-flake",
      "locked-url": "github:thomasvitale/vscode-java-flake/db87ade0d5bcf20640f5c76dc1a3f102581d9308?narHash=sha256-FaYNcAj%2BRQNdGPuq3ifFFDKe7yL7KYicUXXxbJvCqdA%3D",
      "flake-description": "VSCode with Java extensions",
      "locked-flake-attr-path": "packages.aarch64-darwin.default",
      "derivation": "/nix/store/22lsk9lh4j727rinbd7i0lk8a7mlbhrb-vscode-with-extensions-1.102.2.drv",
      "outputs": {
        "out": "/nix/store/sqj86kc6ml87xgy6yg57ng7a151mjy40-vscode-with-extensions-1.102.2"
      },
      "output-names": [
        "out"
      ],
      "outputs-to-install": [
        "out"
      ],
      "requested-outputs-to-install": [],
      "package-system": "aarch64-darwin",
      "system": "aarch64-darwin",
      "name": "vscode-with-extensions-1.102.2",
      "description": "Open source source code editor developed by Microsoft for Windows,\nLinux and macOS\n",
      "broken": false,
      "unfree": true,
      "priority": 5
    },
    {
      "install_id": "vscode-java-flake",
      "locked-url": "github:thomasvitale/vscode-java-flake/db87ade0d5bcf20640f5c76dc1a3f102581d9308?narHash=sha256-FaYNcAj%2BRQNdGPuq3ifFFDKe7yL7KYicUXXxbJvCqdA%3D",
      "flake-description": "VSCode with Java extensions",
      "locked-flake-attr-path": "packages.aarch64-linux.default",
      "derivation": "/nix/store/86kh66fc2vz89hpn0ybfca599k7grbqs-vscode-with-extensions-1.102.2.drv",
      "outputs": {
        "out": "/nix/store/k2qwciz24000nsyrdxv063qm0g4xfvdb-vscode-with-extensions-1.102.2"
      },
      "output-names": [
        "out"
      ],
      "outputs-to-install": [
        "out"
      ],
      "requested-outputs-to-install": [],
      "package-system": "aarch64-linux",
      "system": "aarch64-linux",
      "name": "vscode-with-extensions-1.102.2",
      "description": "Open source source code editor developed by Microsoft for Windows,\nLinux and macOS\n",
      "broken": false,
      "unfree": true,
      "priority": 5
    },
    {
      "install_id": "vscode-java-flake",
      "locked-url": "github:thomasvitale/vscode-java-flake/db87ade0d5bcf20640f5c76dc1a3f102581d9308?narHash=sha256-FaYNcAj%2BRQNdGPuq3ifFFDKe7yL7KYicUXXxbJvCqdA%3D",
      "flake-description": "VSCode with Java extensions",
      "locked-flake-attr-path": "packages.x86_64-darwin.default",
      "derivation": "/nix/store/78f9l3iyr5pl35zxc8x20j4ba4zyvjgl-vscode-with-extensions-1.102.2.drv",
      "outputs": {
        "out": "/nix/store/6wz911v9f3n7bn7si5l134jp8v4m6kak-vscode-with-extensions-1.102.2"
      },
      "output-names": [
        "out"
      ],
      "outputs-to-install": [
        "out"
      ],
      "requested-outputs-to-install": [],
      "package-system": "x86_64-darwin",
      "system": "x86_64-darwin",
      "name": "vscode-with-extensions-1.102.2",
      "description": "Open source source code editor developed by Microsoft for Windows,\nLinux and macOS\n",
      "broken": false,
      "unfree": true,
      "priority": 5
    },
    {
      "install_id": "vscode-java-flake",
      "locked-url": "github:thomasvitale/vscode-java-flake/db87ade0d5bcf20640f5c76dc1a3f102581d9308?narHash=sha256-FaYNcAj%2BRQNdGPuq3ifFFDKe7yL7KYicUXXxbJvCqdA%3D",
      "flake-description": "VSCode with Java extensions",
      "locked-flake-attr-path": "packages.x86_64-linux.default",
      "derivation": "/nix/store/fh7hjd8578h8l232sw7szfyz94m43wbz-vscode-with-extensions-1.102.2.drv",
      "outputs": {
        "out": "/nix/store/acc1ml0c7cqay55wzs3cfgz6xlm5c6if-vscode-with-extensions-1.102.2"
      },
      "output-names": [
        "out"
      ],
      "outputs-to-install": [
        "out"
      ],
      "requested-outputs-to-install": [],
      "package-system": "x86_64-linux",
      "system": "x86_64-linux",
      "name": "vscode-with-extensions-1.102.2",
      "description": "Open source source code editor developed by Microsoft for Windows,\nLinux and macOS\n",
      "broken": false,
      "unfree": true,
      "priority": 5
    }
  ]
}